// !$*UTF8*$!
{
	archiveVersion = 1;
	classes = {
	};
	objectVersion = 51;
	objects = {

/* Begin PBXBuildFile section */
		64C0F651EC7B70106FFA4077 /* Pods_YZCodeProjectTests.framework in Frameworks */ = {isa = PBXBuildFile; fileRef = 3C9476FEECD77FC33229D920 /* Pods_YZCodeProjectTests.framework */; };
		7E7D9AF02317D7DC004272DC /* YZMineModel.m in Sources */ = {isa = PBXBuildFile; fileRef = 7E7D9AEF2317D7DC004272DC /* YZMineModel.m */; };
		7E7D9AF32317D7F4004272DC /* YZMineCell.m in Sources */ = {isa = PBXBuildFile; fileRef = 7E7D9AF22317D7F4004272DC /* YZMineCell.m */; };
		7E8A303F23067AE300353225 /* AppDelegate.m in Sources */ = {isa = PBXBuildFile; fileRef = 7E8A303E23067AE300353225 /* AppDelegate.m */; };
		7E8A304223067AE400353225 /* ViewController.m in Sources */ = {isa = PBXBuildFile; fileRef = 7E8A304123067AE400353225 /* ViewController.m */; };
		7E8A304523067AE400353225 /* Main.storyboard in Resources */ = {isa = PBXBuildFile; fileRef = 7E8A304323067AE400353225 /* Main.storyboard */; };
		7E8A304723067AE500353225 /* Assets.xcassets in Resources */ = {isa = PBXBuildFile; fileRef = 7E8A304623067AE500353225 /* Assets.xcassets */; };
		7E8A304A23067AE500353225 /* LaunchScreen.storyboard in Resources */ = {isa = PBXBuildFile; fileRef = 7E8A304823067AE500353225 /* LaunchScreen.storyboard */; };
		7E8A304D23067AE500353225 /* main.m in Sources */ = {isa = PBXBuildFile; fileRef = 7E8A304C23067AE500353225 /* main.m */; };
		7E8A305723067AE500353225 /* YZCodeProjectTests.m in Sources */ = {isa = PBXBuildFile; fileRef = 7E8A305623067AE500353225 /* YZCodeProjectTests.m */; };
		7E8A306223067AE500353225 /* YZCodeProjectUITests.m in Sources */ = {isa = PBXBuildFile; fileRef = 7E8A306123067AE500353225 /* YZCodeProjectUITests.m */; };
		7E8A307E23069D1800353225 /* YZNavigationVC.m in Sources */ = {isa = PBXBuildFile; fileRef = 7E8A307D23069D1800353225 /* YZNavigationVC.m */; };
		7E8A308123069DE800353225 /* YZTabBarVC.m in Sources */ = {isa = PBXBuildFile; fileRef = 7E8A308023069DE800353225 /* YZTabBarVC.m */; };
		7E8A308423069E0600353225 /* YZBaseViewController.m in Sources */ = {isa = PBXBuildFile; fileRef = 7E8A308323069E0600353225 /* YZBaseViewController.m */; };
		7E8A308A2306A1E900353225 /* YZHomeVC.m in Sources */ = {isa = PBXBuildFile; fileRef = 7E8A30892306A1E900353225 /* YZHomeVC.m */; };
		7E8A308D2306A1FF00353225 /* YZMineVC.m in Sources */ = {isa = PBXBuildFile; fileRef = 7E8A308C2306A1FF00353225 /* YZMineVC.m */; };
		7E8A30912306A67300353225 /* YZScreen.m in Sources */ = {isa = PBXBuildFile; fileRef = 7E8A30902306A67300353225 /* YZScreen.m */; };
		7E8A30972306AA4200353225 /* YZHomeModel.m in Sources */ = {isa = PBXBuildFile; fileRef = 7E8A30962306AA4200353225 /* YZHomeModel.m */; };
		7E8A309B230A52A500353225 /* YZLearnKVOVC.m in Sources */ = {isa = PBXBuildFile; fileRef = 7E8A309A230A52A500353225 /* YZLearnKVOVC.m */; };
		7E8A309E230A537F00353225 /* YZHomeCell.m in Sources */ = {isa = PBXBuildFile; fileRef = 7E8A309D230A537F00353225 /* YZHomeCell.m */; };
		7E8A30A3230A75E600353225 /* YZAdvertiseView.m in Sources */ = {isa = PBXBuildFile; fileRef = 7E8A30A2230A75E600353225 /* YZAdvertiseView.m */; };
		7E8A30A6230A771300353225 /* YZAdversitseDataTool.m in Sources */ = {isa = PBXBuildFile; fileRef = 7E8A30A5230A771300353225 /* YZAdversitseDataTool.m */; };
		994BE56AE4370ABFA96AB862 /* Pods_YZCodeProject.framework in Frameworks */ = {isa = PBXBuildFile; fileRef = 3988A3E80D17B66CADBC64AE /* Pods_YZCodeProject.framework */; };
		D7ECEDEE2D7FAA285FE6728A /* Pods_YZCodeProjectUITests.framework in Frameworks */ = {isa = PBXBuildFile; fileRef = 79E38E5CB052BAAC24049443 /* Pods_YZCodeProjectUITests.framework */; };
/* End PBXBuildFile section */

/* Begin PBXContainerItemProxy section */
		7E8A305323067AE500353225 /* PBXContainerItemProxy */ = {
			isa = PBXContainerItemProxy;
			containerPortal = 7E8A303223067AE300353225 /* Project object */;
			proxyType = 1;
			remoteGlobalIDString = 7E8A303923067AE300353225;
			remoteInfo = YZCodeProject;
		};
		7E8A305E23067AE500353225 /* PBXContainerItemProxy */ = {
			isa = PBXContainerItemProxy;
			containerPortal = 7E8A303223067AE300353225 /* Project object */;
			proxyType = 1;
			remoteGlobalIDString = 7E8A303923067AE300353225;
			remoteInfo = YZCodeProject;
		};
/* End PBXContainerItemProxy section */

/* Begin PBXFileReference section */
		016E1B2E4BD9F496879C8738 /* Pods-YZCodeProjectTests.release.xcconfig */ = {isa = PBXFileReference; includeInIndex = 1; lastKnownFileType = text.xcconfig; name = "Pods-YZCodeProjectTests.release.xcconfig"; path = "Target Support Files/Pods-YZCodeProjectTests/Pods-YZCodeProjectTests.release.xcconfig"; sourceTree = "<group>"; };
		3988A3E80D17B66CADBC64AE /* Pods_YZCodeProject.framework */ = {isa = PBXFileReference; explicitFileType = wrapper.framework; includeInIndex = 0; path = Pods_YZCodeProject.framework; sourceTree = BUILT_PRODUCTS_DIR; };
		3C9476FEECD77FC33229D920 /* Pods_YZCodeProjectTests.framework */ = {isa = PBXFileReference; explicitFileType = wrapper.framework; includeInIndex = 0; path = Pods_YZCodeProjectTests.framework; sourceTree = BUILT_PRODUCTS_DIR; };
		68A3A086030E2F9F26A10DE9 /* Pods-YZCodeProjectTests.debug.xcconfig */ = {isa = PBXFileReference; includeInIndex = 1; lastKnownFileType = text.xcconfig; name = "Pods-YZCodeProjectTests.debug.xcconfig"; path = "Target Support Files/Pods-YZCodeProjectTests/Pods-YZCodeProjectTests.debug.xcconfig"; sourceTree = "<group>"; };
		74C313FF269FA28C230125D2 /* Pods-YZCodeProjectUITests.debug.xcconfig */ = {isa = PBXFileReference; includeInIndex = 1; lastKnownFileType = text.xcconfig; name = "Pods-YZCodeProjectUITests.debug.xcconfig"; path = "Target Support Files/Pods-YZCodeProjectUITests/Pods-YZCodeProjectUITests.debug.xcconfig"; sourceTree = "<group>"; };
		79E38E5CB052BAAC24049443 /* Pods_YZCodeProjectUITests.framework */ = {isa = PBXFileReference; explicitFileType = wrapper.framework; includeInIndex = 0; path = Pods_YZCodeProjectUITests.framework; sourceTree = BUILT_PRODUCTS_DIR; };
		7E7D9AEE2317D7DC004272DC /* YZMineModel.h */ = {isa = PBXFileReference; lastKnownFileType = sourcecode.c.h; path = YZMineModel.h; sourceTree = "<group>"; };
		7E7D9AEF2317D7DC004272DC /* YZMineModel.m */ = {isa = PBXFileReference; lastKnownFileType = sourcecode.c.objc; path = YZMineModel.m; sourceTree = "<group>"; };
		7E7D9AF12317D7F4004272DC /* YZMineCell.h */ = {isa = PBXFileReference; lastKnownFileType = sourcecode.c.h; path = YZMineCell.h; sourceTree = "<group>"; };
		7E7D9AF22317D7F4004272DC /* YZMineCell.m */ = {isa = PBXFileReference; lastKnownFileType = sourcecode.c.objc; path = YZMineCell.m; sourceTree = "<group>"; };
		7E8A303A23067AE300353225 /* YZCodeProject.app */ = {isa = PBXFileReference; explicitFileType = wrapper.application; includeInIndex = 0; path = YZCodeProject.app; sourceTree = BUILT_PRODUCTS_DIR; };
		7E8A303D23067AE300353225 /* AppDelegate.h */ = {isa = PBXFileReference; lastKnownFileType = sourcecode.c.h; path = AppDelegate.h; sourceTree = "<group>"; };
		7E8A303E23067AE300353225 /* AppDelegate.m */ = {isa = PBXFileReference; lastKnownFileType = sourcecode.c.objc; path = AppDelegate.m; sourceTree = "<group>"; };
		7E8A304023067AE300353225 /* ViewController.h */ = {isa = PBXFileReference; lastKnownFileType = sourcecode.c.h; path = ViewController.h; sourceTree = "<group>"; };
		7E8A304123067AE400353225 /* ViewController.m */ = {isa = PBXFileReference; lastKnownFileType = sourcecode.c.objc; path = ViewController.m; sourceTree = "<group>"; };
		7E8A304423067AE400353225 /* Base */ = {isa = PBXFileReference; lastKnownFileType = file.storyboard; name = Base; path = Base.lproj/Main.storyboard; sourceTree = "<group>"; };
		7E8A304623067AE500353225 /* Assets.xcassets */ = {isa = PBXFileReference; lastKnownFileType = folder.assetcatalog; path = Assets.xcassets; sourceTree = "<group>"; };
		7E8A304923067AE500353225 /* Base */ = {isa = PBXFileReference; lastKnownFileType = file.storyboard; name = Base; path = Base.lproj/LaunchScreen.storyboard; sourceTree = "<group>"; };
		7E8A304B23067AE500353225 /* Info.plist */ = {isa = PBXFileReference; lastKnownFileType = text.plist.xml; path = Info.plist; sourceTree = "<group>"; };
		7E8A304C23067AE500353225 /* main.m */ = {isa = PBXFileReference; lastKnownFileType = sourcecode.c.objc; path = main.m; sourceTree = "<group>"; };
		7E8A305223067AE500353225 /* YZCodeProjectTests.xctest */ = {isa = PBXFileReference; explicitFileType = wrapper.cfbundle; includeInIndex = 0; path = YZCodeProjectTests.xctest; sourceTree = BUILT_PRODUCTS_DIR; };
		7E8A305623067AE500353225 /* YZCodeProjectTests.m */ = {isa = PBXFileReference; lastKnownFileType = sourcecode.c.objc; path = YZCodeProjectTests.m; sourceTree = "<group>"; };
		7E8A305823067AE500353225 /* Info.plist */ = {isa = PBXFileReference; lastKnownFileType = text.plist.xml; path = Info.plist; sourceTree = "<group>"; };
		7E8A305D23067AE500353225 /* YZCodeProjectUITests.xctest */ = {isa = PBXFileReference; explicitFileType = wrapper.cfbundle; includeInIndex = 0; path = YZCodeProjectUITests.xctest; sourceTree = BUILT_PRODUCTS_DIR; };
		7E8A306123067AE500353225 /* YZCodeProjectUITests.m */ = {isa = PBXFileReference; lastKnownFileType = sourcecode.c.objc; path = YZCodeProjectUITests.m; sourceTree = "<group>"; };
		7E8A306323067AE500353225 /* Info.plist */ = {isa = PBXFileReference; lastKnownFileType = text.plist.xml; path = Info.plist; sourceTree = "<group>"; };
		7E8A307C23069D1800353225 /* YZNavigationVC.h */ = {isa = PBXFileReference; lastKnownFileType = sourcecode.c.h; path = YZNavigationVC.h; sourceTree = "<group>"; };
		7E8A307D23069D1800353225 /* YZNavigationVC.m */ = {isa = PBXFileReference; lastKnownFileType = sourcecode.c.objc; path = YZNavigationVC.m; sourceTree = "<group>"; };
		7E8A307F23069DE800353225 /* YZTabBarVC.h */ = {isa = PBXFileReference; lastKnownFileType = sourcecode.c.h; path = YZTabBarVC.h; sourceTree = "<group>"; };
		7E8A308023069DE800353225 /* YZTabBarVC.m */ = {isa = PBXFileReference; lastKnownFileType = sourcecode.c.objc; path = YZTabBarVC.m; sourceTree = "<group>"; };
		7E8A308223069E0600353225 /* YZBaseViewController.h */ = {isa = PBXFileReference; lastKnownFileType = sourcecode.c.h; path = YZBaseViewController.h; sourceTree = "<group>"; };
		7E8A308323069E0600353225 /* YZBaseViewController.m */ = {isa = PBXFileReference; lastKnownFileType = sourcecode.c.objc; path = YZBaseViewController.m; sourceTree = "<group>"; };
		7E8A30882306A1E900353225 /* YZHomeVC.h */ = {isa = PBXFileReference; lastKnownFileType = sourcecode.c.h; path = YZHomeVC.h; sourceTree = "<group>"; };
		7E8A30892306A1E900353225 /* YZHomeVC.m */ = {isa = PBXFileReference; lastKnownFileType = sourcecode.c.objc; path = YZHomeVC.m; sourceTree = "<group>"; };
		7E8A308B2306A1FF00353225 /* YZMineVC.h */ = {isa = PBXFileReference; lastKnownFileType = sourcecode.c.h; path = YZMineVC.h; sourceTree = "<group>"; };
		7E8A308C2306A1FF00353225 /* YZMineVC.m */ = {isa = PBXFileReference; lastKnownFileType = sourcecode.c.objc; path = YZMineVC.m; sourceTree = "<group>"; };
		7E8A308F2306A67300353225 /* YZScreen.h */ = {isa = PBXFileReference; fileEncoding = 4; lastKnownFileType = sourcecode.c.h; path = YZScreen.h; sourceTree = "<group>"; };
		7E8A30902306A67300353225 /* YZScreen.m */ = {isa = PBXFileReference; fileEncoding = 4; lastKnownFileType = sourcecode.c.objc; path = YZScreen.m; sourceTree = "<group>"; };
		7E8A30952306AA4200353225 /* YZHomeModel.h */ = {isa = PBXFileReference; lastKnownFileType = sourcecode.c.h; path = YZHomeModel.h; sourceTree = "<group>"; };
		7E8A30962306AA4200353225 /* YZHomeModel.m */ = {isa = PBXFileReference; lastKnownFileType = sourcecode.c.objc; path = YZHomeModel.m; sourceTree = "<group>"; };
		7E8A3099230A52A500353225 /* YZLearnKVOVC.h */ = {isa = PBXFileReference; lastKnownFileType = sourcecode.c.h; path = YZLearnKVOVC.h; sourceTree = "<group>"; };
		7E8A309A230A52A500353225 /* YZLearnKVOVC.m */ = {isa = PBXFileReference; lastKnownFileType = sourcecode.c.objc; path = YZLearnKVOVC.m; sourceTree = "<group>"; };
		7E8A309C230A537F00353225 /* YZHomeCell.h */ = {isa = PBXFileReference; lastKnownFileType = sourcecode.c.h; path = YZHomeCell.h; sourceTree = "<group>"; };
		7E8A309D230A537F00353225 /* YZHomeCell.m */ = {isa = PBXFileReference; lastKnownFileType = sourcecode.c.objc; path = YZHomeCell.m; sourceTree = "<group>"; };
		7E8A30A1230A75E600353225 /* YZAdvertiseView.h */ = {isa = PBXFileReference; lastKnownFileType = sourcecode.c.h; path = YZAdvertiseView.h; sourceTree = "<group>"; };
		7E8A30A2230A75E600353225 /* YZAdvertiseView.m */ = {isa = PBXFileReference; lastKnownFileType = sourcecode.c.objc; path = YZAdvertiseView.m; sourceTree = "<group>"; };
		7E8A30A4230A771300353225 /* YZAdversitseDataTool.h */ = {isa = PBXFileReference; lastKnownFileType = sourcecode.c.h; path = YZAdversitseDataTool.h; sourceTree = "<group>"; };
		7E8A30A5230A771300353225 /* YZAdversitseDataTool.m */ = {isa = PBXFileReference; lastKnownFileType = sourcecode.c.objc; path = YZAdversitseDataTool.m; sourceTree = "<group>"; };
		875D53B916C651A7464F739D /* Pods-YZCodeProject.release.xcconfig */ = {isa = PBXFileReference; includeInIndex = 1; lastKnownFileType = text.xcconfig; name = "Pods-YZCodeProject.release.xcconfig"; path = "Target Support Files/Pods-YZCodeProject/Pods-YZCodeProject.release.xcconfig"; sourceTree = "<group>"; };
		97B2EABF5F0344F470538AC5 /* Pods-YZCodeProject.debug.xcconfig */ = {isa = PBXFileReference; includeInIndex = 1; lastKnownFileType = text.xcconfig; name = "Pods-YZCodeProject.debug.xcconfig"; path = "Target Support Files/Pods-YZCodeProject/Pods-YZCodeProject.debug.xcconfig"; sourceTree = "<group>"; };
		C29DEA2D4A4F19C1EA62A3D8 /* Pods-YZCodeProjectUITests.release.xcconfig */ = {isa = PBXFileReference; includeInIndex = 1; lastKnownFileType = text.xcconfig; name = "Pods-YZCodeProjectUITests.release.xcconfig"; path = "Target Support Files/Pods-YZCodeProjectUITests/Pods-YZCodeProjectUITests.release.xcconfig"; sourceTree = "<group>"; };
/* End PBXFileReference section */

/* Begin PBXFrameworksBuildPhase section */
		7E8A303723067AE300353225 /* Frameworks */ = {
			isa = PBXFrameworksBuildPhase;
			buildActionMask = 2147483647;
			files = (
				994BE56AE4370ABFA96AB862 /* Pods_YZCodeProject.framework in Frameworks */,
			);
			runOnlyForDeploymentPostprocessing = 0;
		};
		7E8A304F23067AE500353225 /* Frameworks */ = {
			isa = PBXFrameworksBuildPhase;
			buildActionMask = 2147483647;
			files = (
				64C0F651EC7B70106FFA4077 /* Pods_YZCodeProjectTests.framework in Frameworks */,
			);
			runOnlyForDeploymentPostprocessing = 0;
		};
		7E8A305A23067AE500353225 /* Frameworks */ = {
			isa = PBXFrameworksBuildPhase;
			buildActionMask = 2147483647;
			files = (
				D7ECEDEE2D7FAA285FE6728A /* Pods_YZCodeProjectUITests.framework in Frameworks */,
			);
			runOnlyForDeploymentPostprocessing = 0;
		};
/* End PBXFrameworksBuildPhase section */

/* Begin PBXGroup section */
		3C3E90344DC46D1CDBCF972D /* Pods */ = {
			isa = PBXGroup;
			children = (
				97B2EABF5F0344F470538AC5 /* Pods-YZCodeProject.debug.xcconfig */,
				875D53B916C651A7464F739D /* Pods-YZCodeProject.release.xcconfig */,
				68A3A086030E2F9F26A10DE9 /* Pods-YZCodeProjectTests.debug.xcconfig */,
				016E1B2E4BD9F496879C8738 /* Pods-YZCodeProjectTests.release.xcconfig */,
				74C313FF269FA28C230125D2 /* Pods-YZCodeProjectUITests.debug.xcconfig */,
				C29DEA2D4A4F19C1EA62A3D8 /* Pods-YZCodeProjectUITests.release.xcconfig */,
			);
			path = Pods;
			sourceTree = "<group>";
		};
		59F9FB77C47E671333903DCE /* Frameworks */ = {
			isa = PBXGroup;
			children = (
				3988A3E80D17B66CADBC64AE /* Pods_YZCodeProject.framework */,
				3C9476FEECD77FC33229D920 /* Pods_YZCodeProjectTests.framework */,
				79E38E5CB052BAAC24049443 /* Pods_YZCodeProjectUITests.framework */,
			);
			name = Frameworks;
			sourceTree = "<group>";
		};
		7E7D9AEB2317D630004272DC /* Controller */ = {
			isa = PBXGroup;
			children = (
				7E8A308B2306A1FF00353225 /* YZMineVC.h */,
				7E8A308C2306A1FF00353225 /* YZMineVC.m */,
			);
			path = Controller;
			sourceTree = "<group>";
		};
		7E7D9AEC2317D639004272DC /* Model */ = {
			isa = PBXGroup;
			children = (
				7E7D9AEE2317D7DC004272DC /* YZMineModel.h */,
				7E7D9AEF2317D7DC004272DC /* YZMineModel.m */,
			);
			path = Model;
			sourceTree = "<group>";
		};
		7E7D9AED2317D643004272DC /* View */ = {
			isa = PBXGroup;
			children = (
				7E7D9AF12317D7F4004272DC /* YZMineCell.h */,
				7E7D9AF22317D7F4004272DC /* YZMineCell.m */,
			);
			path = View;
			sourceTree = "<group>";
		};
		7E8A303123067AE300353225 = {
			isa = PBXGroup;
			children = (
				7E8A303C23067AE300353225 /* YZCodeProject */,
				7E8A305523067AE500353225 /* YZCodeProjectTests */,
				7E8A306023067AE500353225 /* YZCodeProjectUITests */,
				7E8A303B23067AE300353225 /* Products */,
				3C3E90344DC46D1CDBCF972D /* Pods */,
				59F9FB77C47E671333903DCE /* Frameworks */,
			);
			sourceTree = "<group>";
		};
		7E8A303B23067AE300353225 /* Products */ = {
			isa = PBXGroup;
			children = (
				7E8A303A23067AE300353225 /* YZCodeProject.app */,
				7E8A305223067AE500353225 /* YZCodeProjectTests.xctest */,
				7E8A305D23067AE500353225 /* YZCodeProjectUITests.xctest */,
			);
			name = Products;
			sourceTree = "<group>";
		};
		7E8A303C23067AE300353225 /* YZCodeProject */ = {
			isa = PBXGroup;
			children = (
				7E8A308E2306A63200353225 /* Utils */,
				7E8A308523069EA800353225 /* MainAppDelegate(main入口) */,
				7E8A307923069C5800353225 /* NetWork(网络) */,
				7E8A307823069C2600353225 /* ThirdLibrary(三方库) */,
				7E8A307723069C0500353225 /* Managers(全局管理者) */,
				7E8A307623069BE600353225 /* Main(主要界面) */,
			);
			path = YZCodeProject;
			sourceTree = "<group>";
		};
		7E8A305523067AE500353225 /* YZCodeProjectTests */ = {
			isa = PBXGroup;
			children = (
				7E8A305623067AE500353225 /* YZCodeProjectTests.m */,
				7E8A305823067AE500353225 /* Info.plist */,
			);
			path = YZCodeProjectTests;
			sourceTree = "<group>";
		};
		7E8A306023067AE500353225 /* YZCodeProjectUITests */ = {
			isa = PBXGroup;
			children = (
				7E8A306123067AE500353225 /* YZCodeProjectUITests.m */,
				7E8A306323067AE500353225 /* Info.plist */,
			);
			path = YZCodeProjectUITests;
			sourceTree = "<group>";
		};
		7E8A307623069BE600353225 /* Main(主要界面) */ = {
			isa = PBXGroup;
			children = (
				7E8A309F230A75A900353225 /* 功能视图 */,
				7E8A30862306A19A00353225 /* Home(首页) */,
				7E8A30872306A1B000353225 /* Mine(我的) */,
				7E8A307A23069C8100353225 /* BaseView */,
			);
			path = "Main(主要界面)";
			sourceTree = "<group>";
		};
		7E8A307723069C0500353225 /* Managers(全局管理者) */ = {
			isa = PBXGroup;
			children = (
			);
			path = "Managers(全局管理者)";
			sourceTree = "<group>";
		};
		7E8A307823069C2600353225 /* ThirdLibrary(三方库) */ = {
			isa = PBXGroup;
			children = (
			);
			path = "ThirdLibrary(三方库)";
			sourceTree = "<group>";
		};
		7E8A307923069C5800353225 /* NetWork(网络) */ = {
			isa = PBXGroup;
			children = (
			);
			path = "NetWork(网络)";
			sourceTree = "<group>";
		};
		7E8A307A23069C8100353225 /* BaseView */ = {
			isa = PBXGroup;
			children = (
				7E8A307B23069CC300353225 /* BaseController(控制器) */,
			);
			path = BaseView;
			sourceTree = "<group>";
		};
		7E8A307B23069CC300353225 /* BaseController(控制器) */ = {
			isa = PBXGroup;
			children = (
				7E8A307C23069D1800353225 /* YZNavigationVC.h */,
				7E8A307D23069D1800353225 /* YZNavigationVC.m */,
				7E8A307F23069DE800353225 /* YZTabBarVC.h */,
				7E8A308023069DE800353225 /* YZTabBarVC.m */,
				7E8A308223069E0600353225 /* YZBaseViewController.h */,
				7E8A308323069E0600353225 /* YZBaseViewController.m */,
			);
			path = "BaseController(控制器)";
			sourceTree = "<group>";
		};
		7E8A308523069EA800353225 /* MainAppDelegate(main入口) */ = {
			isa = PBXGroup;
			children = (
				7E8A303D23067AE300353225 /* AppDelegate.h */,
				7E8A303E23067AE300353225 /* AppDelegate.m */,
				7E8A304023067AE300353225 /* ViewController.h */,
				7E8A304123067AE400353225 /* ViewController.m */,
				7E8A304323067AE400353225 /* Main.storyboard */,
				7E8A304623067AE500353225 /* Assets.xcassets */,
				7E8A304823067AE500353225 /* LaunchScreen.storyboard */,
				7E8A304B23067AE500353225 /* Info.plist */,
				7E8A304C23067AE500353225 /* main.m */,
			);
			path = "MainAppDelegate(main入口)";
			sourceTree = "<group>";
		};
		7E8A30862306A19A00353225 /* Home(首页) */ = {
			isa = PBXGroup;
			children = (
				7E8A30942306AA0F00353225 /* View */,
				7E8A30932306AA0700353225 /* Model */,
				7E8A30922306A9FB00353225 /* Controller */,
			);
			path = "Home(首页)";
			sourceTree = "<group>";
		};
		7E8A30872306A1B000353225 /* Mine(我的) */ = {
			isa = PBXGroup;
			children = (
				7E8A3098230A526100353225 /* Detail(详情页) */,
				7E7D9AED2317D643004272DC /* View */,
				7E7D9AEC2317D639004272DC /* Model */,
				7E7D9AEB2317D630004272DC /* Controller */,
			);
			path = "Mine(我的)";
			sourceTree = "<group>";
		};
		7E8A308E2306A63200353225 /* Utils */ = {
			isa = PBXGroup;
			children = (
				7E8A308F2306A67300353225 /* YZScreen.h */,
				7E8A30902306A67300353225 /* YZScreen.m */,
			);
			path = Utils;
			sourceTree = "<group>";
		};
		7E8A30922306A9FB00353225 /* Controller */ = {
			isa = PBXGroup;
			children = (
				7E8A30882306A1E900353225 /* YZHomeVC.h */,
				7E8A30892306A1E900353225 /* YZHomeVC.m */,
			);
			path = Controller;
			sourceTree = "<group>";
		};
		7E8A30932306AA0700353225 /* Model */ = {
			isa = PBXGroup;
			children = (
				7E8A30952306AA4200353225 /* YZHomeModel.h */,
				7E8A30962306AA4200353225 /* YZHomeModel.m */,
			);
			path = Model;
			sourceTree = "<group>";
		};
		7E8A30942306AA0F00353225 /* View */ = {
			isa = PBXGroup;
			children = (
				7E8A309C230A537F00353225 /* YZHomeCell.h */,
				7E8A309D230A537F00353225 /* YZHomeCell.m */,
			);
			path = View;
			sourceTree = "<group>";
		};
		7E8A3098230A526100353225 /* Detail(详情页) */ = {
			isa = PBXGroup;
			children = (
				7E8A3099230A52A500353225 /* YZLearnKVOVC.h */,
				7E8A309A230A52A500353225 /* YZLearnKVOVC.m */,
			);
			path = "Detail(详情页)";
			sourceTree = "<group>";
		};
		7E8A309F230A75A900353225 /* 功能视图 */ = {
			isa = PBXGroup;
			children = (
				7E8A30A0230A75BA00353225 /* 广告界面 */,
			);
			path = "功能视图";
			sourceTree = "<group>";
		};
		7E8A30A0230A75BA00353225 /* 广告界面 */ = {
			isa = PBXGroup;
			children = (
				7E8A30A1230A75E600353225 /* YZAdvertiseView.h */,
				7E8A30A2230A75E600353225 /* YZAdvertiseView.m */,
				7E8A30A4230A771300353225 /* YZAdversitseDataTool.h */,
				7E8A30A5230A771300353225 /* YZAdversitseDataTool.m */,
			);
			path = "广告界面";
			sourceTree = "<group>";
		};
/* End PBXGroup section */

/* Begin PBXNativeTarget section */
		7E8A303923067AE300353225 /* YZCodeProject */ = {
			isa = PBXNativeTarget;
			buildConfigurationList = 7E8A306623067AE500353225 /* Build configuration list for PBXNativeTarget "YZCodeProject" */;
			buildPhases = (
				25DA1C9B0E2B64A837CAAB41 /* [CP] Check Pods Manifest.lock */,
				7E8A303623067AE300353225 /* Sources */,
				7E8A303723067AE300353225 /* Frameworks */,
				7E8A303823067AE300353225 /* Resources */,
				92A47A07A38ADBAB95036160 /* [CP] Embed Pods Frameworks */,
			);
			buildRules = (
			);
			dependencies = (
			);
			name = YZCodeProject;
			productName = YZCodeProject;
			productReference = 7E8A303A23067AE300353225 /* YZCodeProject.app */;
			productType = "com.apple.product-type.application";
		};
		7E8A305123067AE500353225 /* YZCodeProjectTests */ = {
			isa = PBXNativeTarget;
			buildConfigurationList = 7E8A306923067AE500353225 /* Build configuration list for PBXNativeTarget "YZCodeProjectTests" */;
			buildPhases = (
				731D7A301310967C78CEA74A /* [CP] Check Pods Manifest.lock */,
				7E8A304E23067AE500353225 /* Sources */,
				7E8A304F23067AE500353225 /* Frameworks */,
				7E8A305023067AE500353225 /* Resources */,
			);
			buildRules = (
			);
			dependencies = (
				7E8A305423067AE500353225 /* PBXTargetDependency */,
			);
			name = YZCodeProjectTests;
			productName = YZCodeProjectTests;
			productReference = 7E8A305223067AE500353225 /* YZCodeProjectTests.xctest */;
			productType = "com.apple.product-type.bundle.unit-test";
		};
		7E8A305C23067AE500353225 /* YZCodeProjectUITests */ = {
			isa = PBXNativeTarget;
			buildConfigurationList = 7E8A306C23067AE500353225 /* Build configuration list for PBXNativeTarget "YZCodeProjectUITests" */;
			buildPhases = (
				E19294EF9029A2A695A96026 /* [CP] Check Pods Manifest.lock */,
				7E8A305923067AE500353225 /* Sources */,
				7E8A305A23067AE500353225 /* Frameworks */,
				7E8A305B23067AE500353225 /* Resources */,
			);
			buildRules = (
			);
			dependencies = (
				7E8A305F23067AE500353225 /* PBXTargetDependency */,
			);
			name = YZCodeProjectUITests;
			productName = YZCodeProjectUITests;
			productReference = 7E8A305D23067AE500353225 /* YZCodeProjectUITests.xctest */;
			productType = "com.apple.product-type.bundle.ui-testing";
		};
/* End PBXNativeTarget section */

/* Begin PBXProject section */
		7E8A303223067AE300353225 /* Project object */ = {
			isa = PBXProject;
			attributes = {
				CLASSPREFIX = YZ;
				LastUpgradeCheck = 1020;
				ORGANIZATIONNAME = xinmei;
				TargetAttributes = {
					7E8A303923067AE300353225 = {
						CreatedOnToolsVersion = 10.2.1;
					};
					7E8A305123067AE500353225 = {
						CreatedOnToolsVersion = 10.2.1;
						TestTargetID = 7E8A303923067AE300353225;
					};
					7E8A305C23067AE500353225 = {
						CreatedOnToolsVersion = 10.2.1;
						TestTargetID = 7E8A303923067AE300353225;
					};
				};
			};
			buildConfigurationList = 7E8A303523067AE300353225 /* Build configuration list for PBXProject "YZCodeProject" */;
			compatibilityVersion = "Xcode 9.3";
			developmentRegion = en;
			hasScannedForEncodings = 0;
			knownRegions = (
				en,
				Base,
			);
			mainGroup = 7E8A303123067AE300353225;
			productRefGroup = 7E8A303B23067AE300353225 /* Products */;
			projectDirPath = "";
			projectRoot = "";
			targets = (
				7E8A303923067AE300353225 /* YZCodeProject */,
				7E8A305123067AE500353225 /* YZCodeProjectTests */,
				7E8A305C23067AE500353225 /* YZCodeProjectUITests */,
			);
		};
/* End PBXProject section */

/* Begin PBXResourcesBuildPhase section */
		7E8A303823067AE300353225 /* Resources */ = {
			isa = PBXResourcesBuildPhase;
			buildActionMask = 2147483647;
			files = (
				7E8A304A23067AE500353225 /* LaunchScreen.storyboard in Resources */,
				7E8A304723067AE500353225 /* Assets.xcassets in Resources */,
				7E8A304523067AE400353225 /* Main.storyboard in Resources */,
			);
			runOnlyForDeploymentPostprocessing = 0;
		};
		7E8A305023067AE500353225 /* Resources */ = {
			isa = PBXResourcesBuildPhase;
			buildActionMask = 2147483647;
			files = (
			);
			runOnlyForDeploymentPostprocessing = 0;
		};
		7E8A305B23067AE500353225 /* Resources */ = {
			isa = PBXResourcesBuildPhase;
			buildActionMask = 2147483647;
			files = (
			);
			runOnlyForDeploymentPostprocessing = 0;
		};
/* End PBXResourcesBuildPhase section */

/* Begin PBXShellScriptBuildPhase section */
		25DA1C9B0E2B64A837CAAB41 /* [CP] Check Pods Manifest.lock */ = {
			isa = PBXShellScriptBuildPhase;
			buildActionMask = 2147483647;
			files = (
			);
			inputFileListPaths = (
			);
			inputPaths = (
				"${PODS_PODFILE_DIR_PATH}/Podfile.lock",
				"${PODS_ROOT}/Manifest.lock",
			);
			name = "[CP] Check Pods Manifest.lock";
			outputFileListPaths = (
			);
			outputPaths = (
				"$(DERIVED_FILE_DIR)/Pods-YZCodeProject-checkManifestLockResult.txt",
			);
			runOnlyForDeploymentPostprocessing = 0;
			shellPath = /bin/sh;
			shellScript = "diff \"${PODS_PODFILE_DIR_PATH}/Podfile.lock\" \"${PODS_ROOT}/Manifest.lock\" > /dev/null\nif [ $? != 0 ] ; then\n    # print error to STDERR\n    echo \"error: The sandbox is not in sync with the Podfile.lock. Run 'pod install' or update your CocoaPods installation.\" >&2\n    exit 1\nfi\n# This output is used by Xcode 'outputs' to avoid re-running this script phase.\necho \"SUCCESS\" > \"${SCRIPT_OUTPUT_FILE_0}\"\n";
			showEnvVarsInLog = 0;
		};
		731D7A301310967C78CEA74A /* [CP] Check Pods Manifest.lock */ = {
			isa = PBXShellScriptBuildPhase;
			buildActionMask = 2147483647;
			files = (
			);
			inputFileListPaths = (
			);
			inputPaths = (
				"${PODS_PODFILE_DIR_PATH}/Podfile.lock",
				"${PODS_ROOT}/Manifest.lock",
			);
			name = "[CP] Check Pods Manifest.lock";
			outputFileListPaths = (
			);
			outputPaths = (
				"$(DERIVED_FILE_DIR)/Pods-YZCodeProjectTests-checkManifestLockResult.txt",
			);
			runOnlyForDeploymentPostprocessing = 0;
			shellPath = /bin/sh;
			shellScript = "diff \"${PODS_PODFILE_DIR_PATH}/Podfile.lock\" \"${PODS_ROOT}/Manifest.lock\" > /dev/null\nif [ $? != 0 ] ; then\n    # print error to STDERR\n    echo \"error: The sandbox is not in sync with the Podfile.lock. Run 'pod install' or update your CocoaPods installation.\" >&2\n    exit 1\nfi\n# This output is used by Xcode 'outputs' to avoid re-running this script phase.\necho \"SUCCESS\" > \"${SCRIPT_OUTPUT_FILE_0}\"\n";
			showEnvVarsInLog = 0;
		};
		92A47A07A38ADBAB95036160 /* [CP] Embed Pods Frameworks */ = {
			isa = PBXShellScriptBuildPhase;
			buildActionMask = 2147483647;
			files = (
			);
			inputFileListPaths = (
				"${PODS_ROOT}/Target Support Files/Pods-YZCodeProject/Pods-YZCodeProject-frameworks-${CONFIGURATION}-input-files.xcfilelist",
			);
			name = "[CP] Embed Pods Frameworks";
			outputFileListPaths = (
				"${PODS_ROOT}/Target Support Files/Pods-YZCodeProject/Pods-YZCodeProject-frameworks-${CONFIGURATION}-output-files.xcfilelist",
			);
			runOnlyForDeploymentPostprocessing = 0;
			shellPath = /bin/sh;
			shellScript = "\"${PODS_ROOT}/Target Support Files/Pods-YZCodeProject/Pods-YZCodeProject-frameworks.sh\"\n";
			showEnvVarsInLog = 0;
		};
		E19294EF9029A2A695A96026 /* [CP] Check Pods Manifest.lock */ = {
			isa = PBXShellScriptBuildPhase;
			buildActionMask = 2147483647;
			files = (
			);
			inputFileListPaths = (
			);
			inputPaths = (
				"${PODS_PODFILE_DIR_PATH}/Podfile.lock",
				"${PODS_ROOT}/Manifest.lock",
			);
			name = "[CP] Check Pods Manifest.lock";
			outputFileListPaths = (
			);
			outputPaths = (
				"$(DERIVED_FILE_DIR)/Pods-YZCodeProjectUITests-checkManifestLockResult.txt",
			);
			runOnlyForDeploymentPostprocessing = 0;
			shellPath = /bin/sh;
			shellScript = "diff \"${PODS_PODFILE_DIR_PATH}/Podfile.lock\" \"${PODS_ROOT}/Manifest.lock\" > /dev/null\nif [ $? != 0 ] ; then\n    # print error to STDERR\n    echo \"error: The sandbox is not in sync with the Podfile.lock. Run 'pod install' or update your CocoaPods installation.\" >&2\n    exit 1\nfi\n# This output is used by Xcode 'outputs' to avoid re-running this script phase.\necho \"SUCCESS\" > \"${SCRIPT_OUTPUT_FILE_0}\"\n";
			showEnvVarsInLog = 0;
		};
/* End PBXShellScriptBuildPhase section */

/* Begin PBXSourcesBuildPhase section */
		7E8A303623067AE300353225 /* Sources */ = {
			isa = PBXSourcesBuildPhase;
			buildActionMask = 2147483647;
			files = (
				7E8A30A6230A771300353225 /* YZAdversitseDataTool.m in Sources */,
				7E8A30972306AA4200353225 /* YZHomeModel.m in Sources */,
				7E8A308423069E0600353225 /* YZBaseViewController.m in Sources */,
				7E7D9AF32317D7F4004272DC /* YZMineCell.m in Sources */,
				7E8A309B230A52A500353225 /* YZLearnKVOVC.m in Sources */,
				7E8A309E230A537F00353225 /* YZHomeCell.m in Sources */,
				7E8A304223067AE400353225 /* ViewController.m in Sources */,
				7E7D9AF02317D7DC004272DC /* YZMineModel.m in Sources */,
				7E8A304D23067AE500353225 /* main.m in Sources */,
				7E8A308A2306A1E900353225 /* YZHomeVC.m in Sources */,
				7E8A308123069DE800353225 /* YZTabBarVC.m in Sources */,
				7E8A30A3230A75E600353225 /* YZAdvertiseView.m in Sources */,
				7E8A308D2306A1FF00353225 /* YZMineVC.m in Sources */,
				7E8A30912306A67300353225 /* YZScreen.m in Sources */,
				7E8A303F23067AE300353225 /* AppDelegate.m in Sources */,
				7E8A307E23069D1800353225 /* YZNavigationVC.m in Sources */,
			);
			runOnlyForDeploymentPostprocessing = 0;
		};
		7E8A304E23067AE500353225 /* Sources */ = {
			isa = PBXSourcesBuildPhase;
			buildActionMask = 2147483647;
			files = (
				7E8A305723067AE500353225 /* YZCodeProjectTests.m in Sources */,
			);
			runOnlyForDeploymentPostprocessing = 0;
		};
		7E8A305923067AE500353225 /* Sources */ = {
			isa = PBXSourcesBuildPhase;
			buildActionMask = 2147483647;
			files = (
				7E8A306223067AE500353225 /* YZCodeProjectUITests.m in Sources */,
			);
			runOnlyForDeploymentPostprocessing = 0;
		};
/* End PBXSourcesBuildPhase section */

/* Begin PBXTargetDependency section */
		7E8A305423067AE500353225 /* PBXTargetDependency */ = {
			isa = PBXTargetDependency;
			target = 7E8A303923067AE300353225 /* YZCodeProject */;
			targetProxy = 7E8A305323067AE500353225 /* PBXContainerItemProxy */;
		};
		7E8A305F23067AE500353225 /* PBXTargetDependency */ = {
			isa = PBXTargetDependency;
			target = 7E8A303923067AE300353225 /* YZCodeProject */;
			targetProxy = 7E8A305E23067AE500353225 /* PBXContainerItemProxy */;
		};
/* End PBXTargetDependency section */

/* Begin PBXVariantGroup section */
		7E8A304323067AE400353225 /* Main.storyboard */ = {
			isa = PBXVariantGroup;
			children = (
				7E8A304423067AE400353225 /* Base */,
			);
			name = Main.storyboard;
			sourceTree = "<group>";
		};
		7E8A304823067AE500353225 /* LaunchScreen.storyboard */ = {
			isa = PBXVariantGroup;
			children = (
				7E8A304923067AE500353225 /* Base */,
			);
			name = LaunchScreen.storyboard;
			sourceTree = "<group>";
		};
/* End PBXVariantGroup section */

/* Begin XCBuildConfiguration section */
		7E8A306423067AE500353225 /* Debug */ = {
			isa = XCBuildConfiguration;
			buildSettings = {
				ALWAYS_SEARCH_USER_PATHS = NO;
				CLANG_ANALYZER_NONNULL = YES;
				CLANG_ANALYZER_NUMBER_OBJECT_CONVERSION = YES_AGGRESSIVE;
				CLANG_CXX_LANGUAGE_STANDARD = "gnu++14";
				CLANG_CXX_LIBRARY = "libc++";
				CLANG_ENABLE_MODULES = YES;
				CLANG_ENABLE_OBJC_ARC = YES;
				CLANG_ENABLE_OBJC_WEAK = YES;
				CLANG_WARN_BLOCK_CAPTURE_AUTORELEASING = YES;
				CLANG_WARN_BOOL_CONVERSION = YES;
				CLANG_WARN_COMMA = YES;
				CLANG_WARN_CONSTANT_CONVERSION = YES;
				CLANG_WARN_DEPRECATED_OBJC_IMPLEMENTATIONS = YES;
				CLANG_WARN_DIRECT_OBJC_ISA_USAGE = YES_ERROR;
				CLANG_WARN_DOCUMENTATION_COMMENTS = YES;
				CLANG_WARN_EMPTY_BODY = YES;
				CLANG_WARN_ENUM_CONVERSION = YES;
				CLANG_WARN_INFINITE_RECURSION = YES;
				CLANG_WARN_INT_CONVERSION = YES;
				CLANG_WARN_NON_LITERAL_NULL_CONVERSION = YES;
				CLANG_WARN_OBJC_IMPLICIT_RETAIN_SELF = YES;
				CLANG_WARN_OBJC_LITERAL_CONVERSION = YES;
				CLANG_WARN_OBJC_ROOT_CLASS = YES_ERROR;
				CLANG_WARN_RANGE_LOOP_ANALYSIS = YES;
				CLANG_WARN_STRICT_PROTOTYPES = YES;
				CLANG_WARN_SUSPICIOUS_MOVE = YES;
				CLANG_WARN_UNGUARDED_AVAILABILITY = YES_AGGRESSIVE;
				CLANG_WARN_UNREACHABLE_CODE = YES;
				CLANG_WARN__DUPLICATE_METHOD_MATCH = YES;
				CODE_SIGN_IDENTITY = "iPhone Developer";
				COPY_PHASE_STRIP = NO;
				DEBUG_INFORMATION_FORMAT = dwarf;
				ENABLE_STRICT_OBJC_MSGSEND = YES;
				ENABLE_TESTABILITY = YES;
				GCC_C_LANGUAGE_STANDARD = gnu11;
				GCC_DYNAMIC_NO_PIC = NO;
				GCC_NO_COMMON_BLOCKS = YES;
				GCC_OPTIMIZATION_LEVEL = 0;
				GCC_PREPROCESSOR_DEFINITIONS = (
					"DEBUG=1",
					"$(inherited)",
				);
				GCC_WARN_64_TO_32_BIT_CONVERSION = YES;
				GCC_WARN_ABOUT_RETURN_TYPE = YES_ERROR;
				GCC_WARN_UNDECLARED_SELECTOR = YES;
				GCC_WARN_UNINITIALIZED_AUTOS = YES_AGGRESSIVE;
				GCC_WARN_UNUSED_FUNCTION = YES;
				GCC_WARN_UNUSED_VARIABLE = YES;
				IPHONEOS_DEPLOYMENT_TARGET = 12.2;
				MTL_ENABLE_DEBUG_INFO = INCLUDE_SOURCE;
				MTL_FAST_MATH = YES;
				ONLY_ACTIVE_ARCH = YES;
				SDKROOT = iphoneos;
			};
			name = Debug;
		};
		7E8A306523067AE500353225 /* Release */ = {
			isa = XCBuildConfiguration;
			buildSettings = {
				ALWAYS_SEARCH_USER_PATHS = NO;
				CLANG_ANALYZER_NONNULL = YES;
				CLANG_ANALYZER_NUMBER_OBJECT_CONVERSION = YES_AGGRESSIVE;
				CLANG_CXX_LANGUAGE_STANDARD = "gnu++14";
				CLANG_CXX_LIBRARY = "libc++";
				CLANG_ENABLE_MODULES = YES;
				CLANG_ENABLE_OBJC_ARC = YES;
				CLANG_ENABLE_OBJC_WEAK = YES;
				CLANG_WARN_BLOCK_CAPTURE_AUTORELEASING = YES;
				CLANG_WARN_BOOL_CONVERSION = YES;
				CLANG_WARN_COMMA = YES;
				CLANG_WARN_CONSTANT_CONVERSION = YES;
				CLANG_WARN_DEPRECATED_OBJC_IMPLEMENTATIONS = YES;
				CLANG_WARN_DIRECT_OBJC_ISA_USAGE = YES_ERROR;
				CLANG_WARN_DOCUMENTATION_COMMENTS = YES;
				CLANG_WARN_EMPTY_BODY = YES;
				CLANG_WARN_ENUM_CONVERSION = YES;
				CLANG_WARN_INFINITE_RECURSION = YES;
				CLANG_WARN_INT_CONVERSION = YES;
				CLANG_WARN_NON_LITERAL_NULL_CONVERSION = YES;
				CLANG_WARN_OBJC_IMPLICIT_RETAIN_SELF = YES;
				CLANG_WARN_OBJC_LITERAL_CONVERSION = YES;
				CLANG_WARN_OBJC_ROOT_CLASS = YES_ERROR;
				CLANG_WARN_RANGE_LOOP_ANALYSIS = YES;
				CLANG_WARN_STRICT_PROTOTYPES = YES;
				CLANG_WARN_SUSPICIOUS_MOVE = YES;
				CLANG_WARN_UNGUARDED_AVAILABILITY = YES_AGGRESSIVE;
				CLANG_WARN_UNREACHABLE_CODE = YES;
				CLANG_WARN__DUPLICATE_METHOD_MATCH = YES;
				CODE_SIGN_IDENTITY = "iPhone Developer";
				COPY_PHASE_STRIP = NO;
				DEBUG_INFORMATION_FORMAT = "dwarf-with-dsym";
				ENABLE_NS_ASSERTIONS = NO;
				ENABLE_STRICT_OBJC_MSGSEND = YES;
				GCC_C_LANGUAGE_STANDARD = gnu11;
				GCC_NO_COMMON_BLOCKS = YES;
				GCC_WARN_64_TO_32_BIT_CONVERSION = YES;
				GCC_WARN_ABOUT_RETURN_TYPE = YES_ERROR;
				GCC_WARN_UNDECLARED_SELECTOR = YES;
				GCC_WARN_UNINITIALIZED_AUTOS = YES_AGGRESSIVE;
				GCC_WARN_UNUSED_FUNCTION = YES;
				GCC_WARN_UNUSED_VARIABLE = YES;
				IPHONEOS_DEPLOYMENT_TARGET = 12.2;
				MTL_ENABLE_DEBUG_INFO = NO;
				MTL_FAST_MATH = YES;
				SDKROOT = iphoneos;
				VALIDATE_PRODUCT = YES;
			};
			name = Release;
		};
		7E8A306723067AE500353225 /* Debug */ = {
			isa = XCBuildConfiguration;
			baseConfigurationReference = 97B2EABF5F0344F470538AC5 /* Pods-YZCodeProject.debug.xcconfig */;
			buildSettings = {
				ASSETCATALOG_COMPILER_APPICON_NAME = AppIcon;
				CODE_SIGN_STYLE = Automatic;
				DEVELOPMENT_TEAM = 344BN3S4Y9;
				INFOPLIST_FILE = "YZCodeProject/MainAppDelegate(main入口)/Info.plist";
				IPHONEOS_DEPLOYMENT_TARGET = 9.0;
				LD_RUNPATH_SEARCH_PATHS = (
					"$(inherited)",
					"@executable_path/Frameworks",
				);
				PRODUCT_BUNDLE_IDENTIFIER = com.xinmei.YZCodeProject;
				PRODUCT_NAME = "$(TARGET_NAME)";
				TARGETED_DEVICE_FAMILY = "1,2";
			};
			name = Debug;
		};
		7E8A306823067AE500353225 /* Release */ = {
			isa = XCBuildConfiguration;
			baseConfigurationReference = 875D53B916C651A7464F739D /* Pods-YZCodeProject.release.xcconfig */;
			buildSettings = {
				ASSETCATALOG_COMPILER_APPICON_NAME = AppIcon;
				CODE_SIGN_STYLE = Automatic;
				DEVELOPMENT_TEAM = 344BN3S4Y9;
				INFOPLIST_FILE = "YZCodeProject/MainAppDelegate(main入口)/Info.plist";
				IPHONEOS_DEPLOYMENT_TARGET = 9.0;
				LD_RUNPATH_SEARCH_PATHS = (
					"$(inherited)",
					"@executable_path/Frameworks",
				);
				PRODUCT_BUNDLE_IDENTIFIER = com.xinmei.YZCodeProject;
				PRODUCT_NAME = "$(TARGET_NAME)";
				TARGETED_DEVICE_FAMILY = "1,2";
			};
			name = Release;
		};
		7E8A306A23067AE500353225 /* Debug */ = {
			isa = XCBuildConfiguration;
			baseConfigurationReference = 68A3A086030E2F9F26A10DE9 /* Pods-YZCodeProjectTests.debug.xcconfig */;
			buildSettings = {
				BUNDLE_LOADER = "$(TEST_HOST)";
				CODE_SIGN_STYLE = Automatic;
				DEVELOPMENT_TEAM = 344BN3S4Y9;
				INFOPLIST_FILE = YZCodeProjectTests/Info.plist;
				LD_RUNPATH_SEARCH_PATHS = (
					"$(inherited)",
					"@executable_path/Frameworks",
					"@loader_path/Frameworks",
				);
				PRODUCT_BUNDLE_IDENTIFIER = com.xinmei.YZCodeProjectTests;
				PRODUCT_NAME = "$(TARGET_NAME)";
				TARGETED_DEVICE_FAMILY = "1,2";
				TEST_HOST = "$(BUILT_PRODUCTS_DIR)/YZCodeProject.app/YZCodeProject";
			};
			name = Debug;
		};
		7E8A306B23067AE500353225 /* Release */ = {
			isa = XCBuildConfiguration;
			baseConfigurationReference = 016E1B2E4BD9F496879C8738 /* Pods-YZCodeProjectTests.release.xcconfig */;
			buildSettings = {
				BUNDLE_LOADER = "$(TEST_HOST)";
				CODE_SIGN_STYLE = Automatic;
				DEVELOPMENT_TEAM = 344BN3S4Y9;
				INFOPLIST_FILE = YZCodeProjectTests/Info.plist;
				LD_RUNPATH_SEARCH_PATHS = (
					"$(inherited)",
					"@executable_path/Frameworks",
					"@loader_path/Frameworks",
				);
				PRODUCT_BUNDLE_IDENTIFIER = com.xinmei.YZCodeProjectTests;
				PRODUCT_NAME = "$(TARGET_NAME)";
				TARGETED_DEVICE_FAMILY = "1,2";
				TEST_HOST = "$(BUILT_PRODUCTS_DIR)/YZCodeProject.app/YZCodeProject";
			};
			name = Release;
		};
		7E8A306D23067AE500353225 /* Debug */ = {
			isa = XCBuildConfiguration;
			baseConfigurationReference = 74C313FF269FA28C230125D2 /* Pods-YZCodeProjectUITests.debug.xcconfig */;
			buildSettings = {
				CODE_SIGN_STYLE = Automatic;
				DEVELOPMENT_TEAM = 344BN3S4Y9;
				INFOPLIST_FILE = YZCodeProjectUITests/Info.plist;
				LD_RUNPATH_SEARCH_PATHS = (
					"$(inherited)",
					"@executable_path/Frameworks",
					"@loader_path/Frameworks",
				);
				PRODUCT_BUNDLE_IDENTIFIER = com.xinmei.YZCodeProjectUITests;
				PRODUCT_NAME = "$(TARGET_NAME)";
				TARGETED_DEVICE_FAMILY = "1,2";
				TEST_TARGET_NAME = YZCodeProject;
			};
			name = Debug;
		};
		7E8A306E23067AE500353225 /* Release */ = {
			isa = XCBuildConfiguration;
			baseConfigurationReference = C29DEA2D4A4F19C1EA62A3D8 /* Pods-YZCodeProjectUITests.release.xcconfig */;
			buildSettings = {
				CODE_SIGN_STYLE = Automatic;
				DEVELOPMENT_TEAM = 344BN3S4Y9;
				INFOPLIST_FILE = YZCodeProjectUITests/Info.plist;
				LD_RUNPATH_SEARCH_PATHS = (
					"$(inherited)",
					"@executable_path/Frameworks",
					"@loader_path/Frameworks",
				);
				PRODUCT_BUNDLE_IDENTIFIER = com.xinmei.YZCodeProjectUITests;
				PRODUCT_NAME = "$(TARGET_NAME)";
				TARGETED_DEVICE_FAMILY = "1,2";
				TEST_TARGET_NAME = YZCodeProject;
			};
			name = Release;
		};
/* End XCBuildConfiguration section */

/* Begin XCConfigurationList section */
		7E8A303523067AE300353225 /* Build configuration list for PBXProject "YZCodeProject" */ = {
			isa = XCConfigurationList;
			buildConfigurations = (
				7E8A306423067AE500353225 /* Debug */,
				7E8A306523067AE500353225 /* Release */,
			);
			defaultConfigurationIsVisible = 0;
			defaultConfigurationName = Release;
		};
		7E8A306623067AE500353225 /* Build configuration list for PBXNativeTarget "YZCodeProject" */ = {
			isa = XCConfigurationList;
			buildConfigurations = (
				7E8A306723067AE500353225 /* Debug */,
				7E8A306823067AE500353225 /* Release */,
			);
			defaultConfigurationIsVisible = 0;
			defaultConfigurationName = Release;
		};
		7E8A306923067AE500353225 /* Build configuration list for PBXNativeTarget "YZCodeProjectTests" */ = {
			isa = XCConfigurationList;
			buildConfigurations = (
				7E8A306A23067AE500353225 /* Debug */,
				7E8A306B23067AE500353225 /* Release */,
			);
			defaultConfigurationIsVisible = 0;
			defaultConfigurationName = Release;
		};
		7E8A306C23067AE500353225 /* Build configuration list for PBXNativeTarget "YZCodeProjectUITests" */ = {
			isa = XCConfigurationList;
			buildConfigurations = (
				7E8A306D23067AE500353225 /* Debug */,
				7E8A306E23067AE500353225 /* Release */,
			);
			defaultConfigurationIsVisible = 0;
			defaultConfigurationName = Release;
		};
/* End XCConfigurationList section */
	};
	rootObject = 7E8A303223067AE300353225 /* Project object */;
}
